
Microsoft Visual Studio Solution File, Format Version 12.00
# Visual Studio 15
VisualStudioVersion = 15.0.27428.2037
MinimumVisualStudioVersion = 10.0.40219.1
Project("{FAE04EC0-301F-11D3-BF4B-00C04F79EFBC}") = "Stop2Shop.Tests", "Stop2ShopPL.Tests\Stop2Shop.Tests.csproj", "{70FA2BF5-D4C7-44C0-91F6-C6EADA68DD29}"
EndProject
Project("{FAE04EC0-301F-11D3-BF4B-00C04F79EFBC}") = "Stop2ShopPL", "Stop2ShopPL\Stop2ShopPL.csproj", "{5D85AA85-BC31-4068-B6E0-059A8494DDE3}"
EndProject
Project("{FAE04EC0-301F-11D3-BF4B-00C04F79EFBC}") = "Stop2ShopCL", "Stop2ShopCL\Stop2ShopCL.csproj", "{194F9B25-330C-49D7-8B94-0912649EEE03}"
EndProject
Project("{FAE04EC0-301F-11D3-BF4B-00C04F79EFBC}") = "Stop2ShopDAL", "Stop2ShopDAL\Stop2ShopDAL.csproj", "{8285892A-8E96-469A-A114-756620B50552}"
EndProject
Project("{FAE04EC0-301F-11D3-BF4B-00C04F79EFBC}") = "Stop2ShopBL", "Stop2ShopBL\Stop2ShopBL.csproj", "{73AE00F9-97BA-4D4A-91E7-D3A3BE776D11}"
EndProject
Global
	GlobalSection(SolutionConfigurationPlatforms) = preSolution
		Debug|Any CPU = Debug|Any CPU
		Release|Any CPU = Release|Any CPU
	EndGlobalSection
	GlobalSection(ProjectConfigurationPlatforms) = postSolution
		{70FA2BF5-D4C7-44C0-91F6-C6EADA68DD29}.Debug|Any CPU.ActiveCfg = Debug|Any CPU
		{70FA2BF5-D4C7-44C0-91F6-C6EADA68DD29}.Debug|Any CPU.Build.0 = Debug|Any CPU
		{70FA2BF5-D4C7-44C0-91F6-C6EADA68DD29}.Release|Any CPU.ActiveCfg = Release|Any CPU
		{70FA2BF5-D4C7-44C0-91F6-C6EADA68DD29}.Release|Any CPU.Build.0 = Release|Any CPU
		{5D85AA85-BC31-4068-B6E0-059A8494DDE3}.Debug|Any CPU.ActiveCfg = Debug|Any CPU
		{5D85AA85-BC31-4068-B6E0-059A8494DDE3}.Debug|Any CPU.Build.0 = Debug|Any CPU
		{5D85AA85-BC31-4068-B6E0-059A8494DDE3}.Release|Any CPU.ActiveCfg = Release|Any CPU
		{5D85AA85-BC31-4068-B6E0-059A8494DDE3}.Release|Any CPU.Build.0 = Release|Any CPU
		{194F9B25-330C-49D7-8B94-0912649EEE03}.Debug|Any CPU.ActiveCfg = Debug|Any CPU
		{194F9B25-330C-49D7-8B94-0912649EEE03}.Debug|Any CPU.Build.0 = Debug|Any CPU
		{194F9B25-330C-49D7-8B94-0912649EEE03}.Release|Any CPU.ActiveCfg = Release|Any CPU
		{194F9B25-330C-49D7-8B94-0912649EEE03}.Release|Any CPU.Build.0 = Release|Any CPU
		{8285892A-8E96-469A-A114-756620B50552}.Debug|Any CPU.ActiveCfg = Debug|Any CPU
		{8285892A-8E96-469A-A114-756620B50552}.Debug|Any CPU.Build.0 = Debug|Any CPU
		{8285892A-8E96-469A-A114-756620B50552}.Release|Any CPU.ActiveCfg = Release|Any CPU
		{8285892A-8E96-469A-A114-756620B50552}.Release|Any CPU.Build.0 = Release|Any CPU
		{73AE00F9-97BA-4D4A-91E7-D3A3BE776D11}.Debug|Any CPU.ActiveCfg = Debug|Any CPU
		{73AE00F9-97BA-4D4A-91E7-D3A3BE776D11}.Debug|Any CPU.Build.0 = Debug|Any CPU
		{73AE00F9-97BA-4D4A-91E7-D3A3BE776D11}.Release|Any CPU.ActiveCfg = Release|Any CPU
		{73AE00F9-97BA-4D4A-91E7-D3A3BE776D11}.Release|Any CPU.Build.0 = Release|Any CPU
	EndGlobalSection
	GlobalSection(SolutionProperties) = preSolution
		HideSolutionNode = FALSE
	EndGlobalSection
	GlobalSection(ExtensibilityGlobals) = postSolution
		SolutionGuid = {ED2479DD-A6AE-4373-9596-9DB4393B9CDD}
	EndGlobalSection
EndGlobal
